
Microsoft Visual Studio Solution File, Format Version 12.00
# Visual Studio Version 17
VisualStudioVersion = 17.4.33103.184
MinimumVisualStudioVersion = 10.0.40219.1
Project("{FAE04EC0-301F-11D3-BF4B-00C04F79EFBC}") = "WorkGuideBack", "WorkGuideBack\WorkGuideBack.csproj", "{8E6682A4-9842-4746-87CB-4133E309B180}"
EndProject
Project("{FAE04EC0-301F-11D3-BF4B-00C04F79EFBC}") = "DAL", "DAL\DAL.csproj", "{2417E206-F054-4F9C-9987-ACF0C532B9FC}"
EndProject
Project("{FAE04EC0-301F-11D3-BF4B-00C04F79EFBC}") = "BLL", "BLL\BLL.csproj", "{1B806DA3-29FD-4C6C-8208-380BA9C54213}"
EndProject
Global
	GlobalSection(SolutionConfigurationPlatforms) = preSolution
		Debug|Any CPU = Debug|Any CPU
		Release|Any CPU = Release|Any CPU
	EndGlobalSection
	GlobalSection(ProjectConfigurationPlatforms) = postSolution
		{8E6682A4-9842-4746-87CB-4133E309B180}.Debug|Any CPU.ActiveCfg = Debug|Any CPU
		{8E6682A4-9842-4746-87CB-4133E309B180}.Debug|Any CPU.Build.0 = Debug|Any CPU
		{8E6682A4-9842-4746-87CB-4133E309B180}.Release|Any CPU.ActiveCfg = Release|Any CPU
		{8E6682A4-9842-4746-87CB-4133E309B180}.Release|Any CPU.Build.0 = Release|Any CPU
		{2417E206-F054-4F9C-9987-ACF0C532B9FC}.Debug|Any CPU.ActiveCfg = Debug|Any CPU
		{2417E206-F054-4F9C-9987-ACF0C532B9FC}.Debug|Any CPU.Build.0 = Debug|Any CPU
		{2417E206-F054-4F9C-9987-ACF0C532B9FC}.Release|Any CPU.ActiveCfg = Release|Any CPU
		{2417E206-F054-4F9C-9987-ACF0C532B9FC}.Release|Any CPU.Build.0 = Release|Any CPU
		{1B806DA3-29FD-4C6C-8208-380BA9C54213}.Debug|Any CPU.ActiveCfg = Debug|Any CPU
		{1B806DA3-29FD-4C6C-8208-380BA9C54213}.Debug|Any CPU.Build.0 = Debug|Any CPU
		{1B806DA3-29FD-4C6C-8208-380BA9C54213}.Release|Any CPU.ActiveCfg = Release|Any CPU
		{1B806DA3-29FD-4C6C-8208-380BA9C54213}.Release|Any CPU.Build.0 = Release|Any CPU
	EndGlobalSection
	GlobalSection(SolutionProperties) = preSolution
		HideSolutionNode = FALSE
	EndGlobalSection
	GlobalSection(ExtensibilityGlobals) = postSolution
		SolutionGuid = {20B1CCD8-6FB5-451C-86C5-DC3506A351EC}
	EndGlobalSection
EndGlobal
